
Microsoft Visual Studio Solution File, Format Version 12.00
# Visual Studio 15
VisualStudioVersion = 15.0.28010.2048
MinimumVisualStudioVersion = 10.0.40219.1
Project("{9A19103F-16F7-4668-BE54-9A1E7A4F7556}") = "CKODemoShop", "CKODemoShop\CKODemoShop.csproj", "{EBDCEBEB-05A1-4FAE-9E15-3D8EF84EA063}"
EndProject
Project("{9A19103F-16F7-4668-BE54-9A1E7A4F7556}") = "CKODemoShop.Tests", "CKODemoShop.Tests\CKODemoShop.Tests.csproj", "{B652FC66-489E-4EF6-A1AE-6684FD27BCDA}"
EndProject
Global
	GlobalSection(SolutionConfigurationPlatforms) = preSolution
		Debug|Any CPU = Debug|Any CPU
		Release|Any CPU = Release|Any CPU
	EndGlobalSection
	GlobalSection(ProjectConfigurationPlatforms) = postSolution
		{EBDCEBEB-05A1-4FAE-9E15-3D8EF84EA063}.Debug|Any CPU.ActiveCfg = Debug|Any CPU
		{EBDCEBEB-05A1-4FAE-9E15-3D8EF84EA063}.Debug|Any CPU.Build.0 = Debug|Any CPU
		{EBDCEBEB-05A1-4FAE-9E15-3D8EF84EA063}.Release|Any CPU.ActiveCfg = Release|Any CPU
		{EBDCEBEB-05A1-4FAE-9E15-3D8EF84EA063}.Release|Any CPU.Build.0 = Release|Any CPU
		{B652FC66-489E-4EF6-A1AE-6684FD27BCDA}.Debug|Any CPU.ActiveCfg = Debug|Any CPU
		{B652FC66-489E-4EF6-A1AE-6684FD27BCDA}.Debug|Any CPU.Build.0 = Debug|Any CPU
		{B652FC66-489E-4EF6-A1AE-6684FD27BCDA}.Release|Any CPU.ActiveCfg = Release|Any CPU
		{B652FC66-489E-4EF6-A1AE-6684FD27BCDA}.Release|Any CPU.Build.0 = Release|Any CPU
	EndGlobalSection
	GlobalSection(SolutionProperties) = preSolution
		HideSolutionNode = FALSE
	EndGlobalSection
	GlobalSection(ExtensibilityGlobals) = postSolution
		SolutionGuid = {2E28086E-E276-478D-B018-2069E3ECF618}
	EndGlobalSection
EndGlobal
